
Microsoft Visual Studio Solution File, Format Version 11.00
# Visual Studio 2010
Project("{FAE04EC0-301F-11D3-BF4B-00C04F79EFBC}") = "VRArcheryGame", "Assembly-CSharp.csproj", "{48611734-A048-A30A-FBCB-6AF4F192938B}"
EndProject
Project("{FAE04EC0-301F-11D3-BF4B-00C04F79EFBC}") = "VRArcheryGame", "Assembly-CSharp-Editor.csproj", "{A3EBD3A9-57AD-BCB9-5F2C-6D16C29CFCD2}"
EndProject
Global
	GlobalSection(SolutionConfigurationPlatforms) = preSolution
		Debug|Any CPU = Debug|Any CPU
		Release|Any CPU = Release|Any CPU
	EndGlobalSection
	GlobalSection(ProjectConfigurationPlatforms) = postSolution
		{48611734-A048-A30A-FBCB-6AF4F192938B}.Debug|Any CPU.ActiveCfg = Debug|Any CPU
		{48611734-A048-A30A-FBCB-6AF4F192938B}.Debug|Any CPU.Build.0 = Debug|Any CPU
		{48611734-A048-A30A-FBCB-6AF4F192938B}.Release|Any CPU.ActiveCfg = Release|Any CPU
		{48611734-A048-A30A-FBCB-6AF4F192938B}.Release|Any CPU.Build.0 = Release|Any CPU
		{A3EBD3A9-57AD-BCB9-5F2C-6D16C29CFCD2}.Debug|Any CPU.ActiveCfg = Debug|Any CPU
		{A3EBD3A9-57AD-BCB9-5F2C-6D16C29CFCD2}.Debug|Any CPU.Build.0 = Debug|Any CPU
		{A3EBD3A9-57AD-BCB9-5F2C-6D16C29CFCD2}.Release|Any CPU.ActiveCfg = Release|Any CPU
		{A3EBD3A9-57AD-BCB9-5F2C-6D16C29CFCD2}.Release|Any CPU.Build.0 = Release|Any CPU
	EndGlobalSection
	GlobalSection(SolutionProperties) = preSolution
		HideSolutionNode = FALSE
	EndGlobalSection
	GlobalSection(MonoDevelopProperties) = preSolution
		StartupItem = Assembly-CSharp.csproj
	EndGlobalSection
EndGlobal
